
Microsoft Visual Studio Solution File, Format Version 12.00
Project("{FAE04EC0-301F-11D3-BF4B-00C04F79EFBC}") = "Strings", "Strings\Strings.csproj", "{120149C6-E0CB-4E96-A111-CCC21D1446F8}"
EndProject
Global
	GlobalSection(SolutionConfigurationPlatforms) = preSolution
		Debug|Any CPU = Debug|Any CPU
		Release|Any CPU = Release|Any CPU
	EndGlobalSection
	GlobalSection(ProjectConfigurationPlatforms) = postSolution
		{120149C6-E0CB-4E96-A111-CCC21D1446F8}.Debug|Any CPU.ActiveCfg = Debug|Any CPU
		{120149C6-E0CB-4E96-A111-CCC21D1446F8}.Debug|Any CPU.Build.0 = Debug|Any CPU
		{120149C6-E0CB-4E96-A111-CCC21D1446F8}.Release|Any CPU.ActiveCfg = Release|Any CPU
		{120149C6-E0CB-4E96-A111-CCC21D1446F8}.Release|Any CPU.Build.0 = Release|Any CPU
	EndGlobalSection
EndGlobal
